
Microsoft Visual Studio Solution File, Format Version 12.00
# Visual Studio Version 17
VisualStudioVersion = 17.9.34607.119
MinimumVisualStudioVersion = 10.0.40219.1
Project("{2150E333-8FDC-42A3-9474-1A3956D46DE8}") = "Notes", "Notes", "{E627E9BC-0468-4BF5-A7BE-3A9045B42A9D}"
	ProjectSection(SolutionItems) = preProject
		DevelopmentNotes.txt = DevelopmentNotes.txt
		Tmos.Romhacks.Core\ROMNotes.txt = Tmos.Romhacks.Core\ROMNotes.txt
	EndProjectSection
EndProject
Project("{9A19103F-16F7-4668-BE54-9A1E7A4F7556}") = "Tmos.Romhacks.Library", "Tmos.Romhacks.Library\Tmos.Romhacks.Library.csproj", "{0DBFC93C-1FDE-4086-9676-899286572113}"
EndProject
Project("{9A19103F-16F7-4668-BE54-9A1E7A4F7556}") = "Tmos.Romhacks.Rom", "Tmos.Romhacks.Rom\Tmos.Romhacks.Rom.csproj", "{0F7E74A8-A41A-4E2B-8ABB-170B9A6DFBE7}"
EndProject
Project("{9A19103F-16F7-4668-BE54-9A1E7A4F7556}") = "Tmos.Romhacks.Editor", "Tmos.Romhacks.Editor\Tmos.Romhacks.Editor.csproj", "{871CFC28-C990-4336-B7AE-B39F6E881A6F}"
EndProject
Project("{9A19103F-16F7-4668-BE54-9A1E7A4F7556}") = "Tmos.Romhacks.Forms", "Tmos.Romhacks.Forms\Tmos.Romhacks.Forms.csproj", "{E8F909D4-5C57-43E0-B312-8FD90CEE14DA}"
EndProject
Project("{FAE04EC0-301F-11D3-BF4B-00C04F79EFBC}") = "FlyingOmelette.MOS.Knowlegebase", "FlyingOmelette.MOS.Knowlegebase\FlyingOmelette.MOS.Knowlegebase.csproj", "{49E2B070-E8F9-4657-906D-EF60B31F4F3C}"
EndProject
Project("{FAE04EC0-301F-11D3-BF4B-00C04F79EFBC}") = "Tmos.Community.Knowledgebase", "Tmos.Community.Knowledgebase\Tmos.Community.Knowledgebase.csproj", "{EF926A7E-E6F9-402B-858C-1CC93C0F6023}"
EndProject
Global
	GlobalSection(SolutionConfigurationPlatforms) = preSolution
		Debug|Any CPU = Debug|Any CPU
		Release|Any CPU = Release|Any CPU
	EndGlobalSection
	GlobalSection(ProjectConfigurationPlatforms) = postSolution
		{0DBFC93C-1FDE-4086-9676-899286572113}.Debug|Any CPU.ActiveCfg = Debug|Any CPU
		{0DBFC93C-1FDE-4086-9676-899286572113}.Debug|Any CPU.Build.0 = Debug|Any CPU
		{0DBFC93C-1FDE-4086-9676-899286572113}.Release|Any CPU.ActiveCfg = Release|Any CPU
		{0DBFC93C-1FDE-4086-9676-899286572113}.Release|Any CPU.Build.0 = Release|Any CPU
		{0F7E74A8-A41A-4E2B-8ABB-170B9A6DFBE7}.Debug|Any CPU.ActiveCfg = Debug|Any CPU
		{0F7E74A8-A41A-4E2B-8ABB-170B9A6DFBE7}.Debug|Any CPU.Build.0 = Debug|Any CPU
		{0F7E74A8-A41A-4E2B-8ABB-170B9A6DFBE7}.Release|Any CPU.ActiveCfg = Release|Any CPU
		{0F7E74A8-A41A-4E2B-8ABB-170B9A6DFBE7}.Release|Any CPU.Build.0 = Release|Any CPU
		{871CFC28-C990-4336-B7AE-B39F6E881A6F}.Debug|Any CPU.ActiveCfg = Debug|Any CPU
		{871CFC28-C990-4336-B7AE-B39F6E881A6F}.Debug|Any CPU.Build.0 = Debug|Any CPU
		{871CFC28-C990-4336-B7AE-B39F6E881A6F}.Release|Any CPU.ActiveCfg = Release|Any CPU
		{871CFC28-C990-4336-B7AE-B39F6E881A6F}.Release|Any CPU.Build.0 = Release|Any CPU
		{E8F909D4-5C57-43E0-B312-8FD90CEE14DA}.Debug|Any CPU.ActiveCfg = Debug|Any CPU
		{E8F909D4-5C57-43E0-B312-8FD90CEE14DA}.Debug|Any CPU.Build.0 = Debug|Any CPU
		{E8F909D4-5C57-43E0-B312-8FD90CEE14DA}.Release|Any CPU.ActiveCfg = Release|Any CPU
		{E8F909D4-5C57-43E0-B312-8FD90CEE14DA}.Release|Any CPU.Build.0 = Release|Any CPU
		{49E2B070-E8F9-4657-906D-EF60B31F4F3C}.Debug|Any CPU.ActiveCfg = Debug|Any CPU
		{49E2B070-E8F9-4657-906D-EF60B31F4F3C}.Debug|Any CPU.Build.0 = Debug|Any CPU
		{49E2B070-E8F9-4657-906D-EF60B31F4F3C}.Release|Any CPU.ActiveCfg = Release|Any CPU
		{49E2B070-E8F9-4657-906D-EF60B31F4F3C}.Release|Any CPU.Build.0 = Release|Any CPU
		{EF926A7E-E6F9-402B-858C-1CC93C0F6023}.Debug|Any CPU.ActiveCfg = Debug|Any CPU
		{EF926A7E-E6F9-402B-858C-1CC93C0F6023}.Debug|Any CPU.Build.0 = Debug|Any CPU
		{EF926A7E-E6F9-402B-858C-1CC93C0F6023}.Release|Any CPU.ActiveCfg = Release|Any CPU
		{EF926A7E-E6F9-402B-858C-1CC93C0F6023}.Release|Any CPU.Build.0 = Release|Any CPU
	EndGlobalSection
	GlobalSection(SolutionProperties) = preSolution
		HideSolutionNode = FALSE
	EndGlobalSection
	GlobalSection(ExtensibilityGlobals) = postSolution
		SolutionGuid = {738BD1F4-5BB9-4C2B-AF2B-55328152763C}
	EndGlobalSection
EndGlobal
